
Microsoft Visual Studio Solution File, Format Version 12.00
# Visual Studio Version 16
VisualStudioVersion = 16.0.30011.22
MinimumVisualStudioVersion = 10.0.40219.1
Project("{FAE04EC0-301F-11D3-BF4B-00C04F79EFBC}") = "Email_Parser", "Email_Parser\Email_Parser.csproj", "{5EE95F6F-2FE0-4860-864B-36BDC2C07814}"
EndProject
Project("{54435603-DBB4-11D2-8724-00A0C9A8B90C}") = "Setup", "Setup\Setup.vdproj", "{9B0B6BE2-02A3-478C-BA07-27BDA733F8B0}"
EndProject
Global
	GlobalSection(SolutionConfigurationPlatforms) = preSolution
		Debug|Any CPU = Debug|Any CPU
		Release|Any CPU = Release|Any CPU
	EndGlobalSection
	GlobalSection(ProjectConfigurationPlatforms) = postSolution
		{5EE95F6F-2FE0-4860-864B-36BDC2C07814}.Debug|Any CPU.ActiveCfg = Debug|Any CPU
		{5EE95F6F-2FE0-4860-864B-36BDC2C07814}.Debug|Any CPU.Build.0 = Debug|Any CPU
		{5EE95F6F-2FE0-4860-864B-36BDC2C07814}.Release|Any CPU.ActiveCfg = Release|Any CPU
		{5EE95F6F-2FE0-4860-864B-36BDC2C07814}.Release|Any CPU.Build.0 = Release|Any CPU
		{9B0B6BE2-02A3-478C-BA07-27BDA733F8B0}.Debug|Any CPU.ActiveCfg = Debug
		{9B0B6BE2-02A3-478C-BA07-27BDA733F8B0}.Release|Any CPU.ActiveCfg = Release
	EndGlobalSection
	GlobalSection(SolutionProperties) = preSolution
		HideSolutionNode = FALSE
	EndGlobalSection
	GlobalSection(ExtensibilityGlobals) = postSolution
		SolutionGuid = {30FE7EFF-CD97-4465-83B3-8CF808281858}
	EndGlobalSection
EndGlobal
